
Microsoft Visual Studio Solution File, Format Version 12.00
# Visual Studio Version 16
VisualStudioVersion = 16.0.30225.117
MinimumVisualStudioVersion = 10.0.40219.1
Project("{9A19103F-16F7-4668-BE54-9A1E7A4F7556}") = "APIGateway", "APIGateway.csproj", "{DC609CCF-2C10-4D91-9B3B-93EADFDBB0B0}"
EndProject
Project("{E53339B2-1760-4266-BCC7-CA923CBCF16C}") = "docker-compose", "..\DockerCompose\docker-compose.dcproj", "{248A9F53-60FA-482A-BBF5-0C531A3AD42E}"
EndProject
Global
	GlobalSection(SolutionConfigurationPlatforms) = preSolution
		Debug|Any CPU = Debug|Any CPU
		Development|Any CPU = Development|Any CPU
		Production|Any CPU = Production|Any CPU
		Release|Any CPU = Release|Any CPU
	EndGlobalSection
	GlobalSection(ProjectConfigurationPlatforms) = postSolution
		{DC609CCF-2C10-4D91-9B3B-93EADFDBB0B0}.Debug|Any CPU.ActiveCfg = Development|Any CPU
		{DC609CCF-2C10-4D91-9B3B-93EADFDBB0B0}.Debug|Any CPU.Build.0 = Development|Any CPU
		{DC609CCF-2C10-4D91-9B3B-93EADFDBB0B0}.Development|Any CPU.ActiveCfg = Development|Any CPU
		{DC609CCF-2C10-4D91-9B3B-93EADFDBB0B0}.Development|Any CPU.Build.0 = Development|Any CPU
		{DC609CCF-2C10-4D91-9B3B-93EADFDBB0B0}.Production|Any CPU.ActiveCfg = Production|Any CPU
		{DC609CCF-2C10-4D91-9B3B-93EADFDBB0B0}.Production|Any CPU.Build.0 = Production|Any CPU
		{DC609CCF-2C10-4D91-9B3B-93EADFDBB0B0}.Release|Any CPU.ActiveCfg = Production|Any CPU
		{DC609CCF-2C10-4D91-9B3B-93EADFDBB0B0}.Release|Any CPU.Build.0 = Production|Any CPU
		{248A9F53-60FA-482A-BBF5-0C531A3AD42E}.Debug|Any CPU.ActiveCfg = Debug|Any CPU
		{248A9F53-60FA-482A-BBF5-0C531A3AD42E}.Debug|Any CPU.Build.0 = Debug|Any CPU
		{248A9F53-60FA-482A-BBF5-0C531A3AD42E}.Development|Any CPU.ActiveCfg = Debug|Any CPU
		{248A9F53-60FA-482A-BBF5-0C531A3AD42E}.Development|Any CPU.Build.0 = Debug|Any CPU
		{248A9F53-60FA-482A-BBF5-0C531A3AD42E}.Production|Any CPU.ActiveCfg = Debug|Any CPU
		{248A9F53-60FA-482A-BBF5-0C531A3AD42E}.Production|Any CPU.Build.0 = Debug|Any CPU
		{248A9F53-60FA-482A-BBF5-0C531A3AD42E}.Release|Any CPU.ActiveCfg = Release|Any CPU
		{248A9F53-60FA-482A-BBF5-0C531A3AD42E}.Release|Any CPU.Build.0 = Release|Any CPU
	EndGlobalSection
	GlobalSection(SolutionProperties) = preSolution
		HideSolutionNode = FALSE
	EndGlobalSection
	GlobalSection(ExtensibilityGlobals) = postSolution
		SolutionGuid = {3AFE1FA2-4FC2-484B-BB5B-1E3A29BD0F74}
	EndGlobalSection
EndGlobal
