
Microsoft Visual Studio Solution File, Format Version 12.00
# Visual Studio Version 16
VisualStudioVersion = 16.0.30204.135
MinimumVisualStudioVersion = 10.0.40219.1
Project("{9A19103F-16F7-4668-BE54-9A1E7A4F7556}") = "ProductMicroservice", "ProductMicroservice.csproj", "{1CEBBE2E-6475-4864-B12D-74E06F220B53}"
EndProject
Project("{9A19103F-16F7-4668-BE54-9A1E7A4F7556}") = "ProductDataLayer", "..\ProductDataLayer\ProductDataLayer.csproj", "{83C64435-D224-4E8F-A82A-C88A8F7C09CE}"
EndProject
Project("{9A19103F-16F7-4668-BE54-9A1E7A4F7556}") = "BuisnessLogicLayer", "..\BuisnessLogicLayer\BuisnessLogicLayer.csproj", "{016D01C8-C9CF-4B61-9208-0FA86CE6EF29}"
EndProject
Global
	GlobalSection(SolutionConfigurationPlatforms) = preSolution
		Debug|Any CPU = Debug|Any CPU
		Development|Any CPU = Development|Any CPU
		Production|Any CPU = Production|Any CPU
		Release|Any CPU = Release|Any CPU
	EndGlobalSection
	GlobalSection(ProjectConfigurationPlatforms) = postSolution
		{1CEBBE2E-6475-4864-B12D-74E06F220B53}.Debug|Any CPU.ActiveCfg = Development|Any CPU
		{1CEBBE2E-6475-4864-B12D-74E06F220B53}.Debug|Any CPU.Build.0 = Development|Any CPU
		{1CEBBE2E-6475-4864-B12D-74E06F220B53}.Development|Any CPU.ActiveCfg = Development|Any CPU
		{1CEBBE2E-6475-4864-B12D-74E06F220B53}.Development|Any CPU.Build.0 = Development|Any CPU
		{1CEBBE2E-6475-4864-B12D-74E06F220B53}.Production|Any CPU.ActiveCfg = Production|Any CPU
		{1CEBBE2E-6475-4864-B12D-74E06F220B53}.Production|Any CPU.Build.0 = Production|Any CPU
		{1CEBBE2E-6475-4864-B12D-74E06F220B53}.Release|Any CPU.ActiveCfg = Production|Any CPU
		{1CEBBE2E-6475-4864-B12D-74E06F220B53}.Release|Any CPU.Build.0 = Production|Any CPU
		{83C64435-D224-4E8F-A82A-C88A8F7C09CE}.Debug|Any CPU.ActiveCfg = Debug|Any CPU
		{83C64435-D224-4E8F-A82A-C88A8F7C09CE}.Debug|Any CPU.Build.0 = Debug|Any CPU
		{83C64435-D224-4E8F-A82A-C88A8F7C09CE}.Development|Any CPU.ActiveCfg = Debug|Any CPU
		{83C64435-D224-4E8F-A82A-C88A8F7C09CE}.Development|Any CPU.Build.0 = Debug|Any CPU
		{83C64435-D224-4E8F-A82A-C88A8F7C09CE}.Production|Any CPU.ActiveCfg = Debug|Any CPU
		{83C64435-D224-4E8F-A82A-C88A8F7C09CE}.Production|Any CPU.Build.0 = Debug|Any CPU
		{83C64435-D224-4E8F-A82A-C88A8F7C09CE}.Release|Any CPU.ActiveCfg = Release|Any CPU
		{83C64435-D224-4E8F-A82A-C88A8F7C09CE}.Release|Any CPU.Build.0 = Release|Any CPU
		{016D01C8-C9CF-4B61-9208-0FA86CE6EF29}.Debug|Any CPU.ActiveCfg = Debug|Any CPU
		{016D01C8-C9CF-4B61-9208-0FA86CE6EF29}.Debug|Any CPU.Build.0 = Debug|Any CPU
		{016D01C8-C9CF-4B61-9208-0FA86CE6EF29}.Development|Any CPU.ActiveCfg = Debug|Any CPU
		{016D01C8-C9CF-4B61-9208-0FA86CE6EF29}.Development|Any CPU.Build.0 = Debug|Any CPU
		{016D01C8-C9CF-4B61-9208-0FA86CE6EF29}.Production|Any CPU.ActiveCfg = Debug|Any CPU
		{016D01C8-C9CF-4B61-9208-0FA86CE6EF29}.Production|Any CPU.Build.0 = Debug|Any CPU
		{016D01C8-C9CF-4B61-9208-0FA86CE6EF29}.Release|Any CPU.ActiveCfg = Release|Any CPU
		{016D01C8-C9CF-4B61-9208-0FA86CE6EF29}.Release|Any CPU.Build.0 = Release|Any CPU
	EndGlobalSection
	GlobalSection(SolutionProperties) = preSolution
		HideSolutionNode = FALSE
	EndGlobalSection
	GlobalSection(ExtensibilityGlobals) = postSolution
		SolutionGuid = {560B9760-C3D5-47F8-8135-5E3A2CD6E666}
	EndGlobalSection
EndGlobal
