
Microsoft Visual Studio Solution File, Format Version 12.00
# Visual Studio Version 16
VisualStudioVersion = 16.0.30204.135
MinimumVisualStudioVersion = 10.0.40219.1
Project("{9A19103F-16F7-4668-BE54-9A1E7A4F7556}") = "ProductMicroservice.API", "ProductMicroservice.API.csproj", "{1CEBBE2E-6475-4864-B12D-74E06F220B53}"
EndProject
Project("{9A19103F-16F7-4668-BE54-9A1E7A4F7556}") = "ProductMicroservice.BLL", "..\ProductMicroservice.BLL\ProductMicroservice.BLL.csproj", "{D67BAF26-AC8B-4279-AC36-70CD54DC2BB1}"
EndProject
Project("{9A19103F-16F7-4668-BE54-9A1E7A4F7556}") = "ProductMicroservice.DAL", "..\ProductMicroservice.DAL\ProductMicroservice.DAL.csproj", "{AD976734-82CE-4D36-A134-062D9CB4E71C}"
EndProject
Global
	GlobalSection(SolutionConfigurationPlatforms) = preSolution
		Debug|Any CPU = Debug|Any CPU
		Development|Any CPU = Development|Any CPU
		Production|Any CPU = Production|Any CPU
		Release|Any CPU = Release|Any CPU
	EndGlobalSection
	GlobalSection(ProjectConfigurationPlatforms) = postSolution
		{1CEBBE2E-6475-4864-B12D-74E06F220B53}.Debug|Any CPU.ActiveCfg = Development|Any CPU
		{1CEBBE2E-6475-4864-B12D-74E06F220B53}.Debug|Any CPU.Build.0 = Development|Any CPU
		{1CEBBE2E-6475-4864-B12D-74E06F220B53}.Development|Any CPU.ActiveCfg = Development|Any CPU
		{1CEBBE2E-6475-4864-B12D-74E06F220B53}.Development|Any CPU.Build.0 = Development|Any CPU
		{1CEBBE2E-6475-4864-B12D-74E06F220B53}.Production|Any CPU.ActiveCfg = Production|Any CPU
		{1CEBBE2E-6475-4864-B12D-74E06F220B53}.Production|Any CPU.Build.0 = Production|Any CPU
		{1CEBBE2E-6475-4864-B12D-74E06F220B53}.Release|Any CPU.ActiveCfg = Production|Any CPU
		{1CEBBE2E-6475-4864-B12D-74E06F220B53}.Release|Any CPU.Build.0 = Production|Any CPU
		{D67BAF26-AC8B-4279-AC36-70CD54DC2BB1}.Debug|Any CPU.ActiveCfg = Development|Any CPU
		{D67BAF26-AC8B-4279-AC36-70CD54DC2BB1}.Debug|Any CPU.Build.0 = Development|Any CPU
		{D67BAF26-AC8B-4279-AC36-70CD54DC2BB1}.Development|Any CPU.ActiveCfg = Development|Any CPU
		{D67BAF26-AC8B-4279-AC36-70CD54DC2BB1}.Development|Any CPU.Build.0 = Development|Any CPU
		{D67BAF26-AC8B-4279-AC36-70CD54DC2BB1}.Production|Any CPU.ActiveCfg = Production|Any CPU
		{D67BAF26-AC8B-4279-AC36-70CD54DC2BB1}.Production|Any CPU.Build.0 = Production|Any CPU
		{D67BAF26-AC8B-4279-AC36-70CD54DC2BB1}.Release|Any CPU.ActiveCfg = Production|Any CPU
		{D67BAF26-AC8B-4279-AC36-70CD54DC2BB1}.Release|Any CPU.Build.0 = Production|Any CPU
		{AD976734-82CE-4D36-A134-062D9CB4E71C}.Debug|Any CPU.ActiveCfg = Development|Any CPU
		{AD976734-82CE-4D36-A134-062D9CB4E71C}.Debug|Any CPU.Build.0 = Development|Any CPU
		{AD976734-82CE-4D36-A134-062D9CB4E71C}.Development|Any CPU.ActiveCfg = Development|Any CPU
		{AD976734-82CE-4D36-A134-062D9CB4E71C}.Development|Any CPU.Build.0 = Development|Any CPU
		{AD976734-82CE-4D36-A134-062D9CB4E71C}.Production|Any CPU.ActiveCfg = Production|Any CPU
		{AD976734-82CE-4D36-A134-062D9CB4E71C}.Production|Any CPU.Build.0 = Production|Any CPU
		{AD976734-82CE-4D36-A134-062D9CB4E71C}.Release|Any CPU.ActiveCfg = Production|Any CPU
		{AD976734-82CE-4D36-A134-062D9CB4E71C}.Release|Any CPU.Build.0 = Production|Any CPU
	EndGlobalSection
	GlobalSection(SolutionProperties) = preSolution
		HideSolutionNode = FALSE
	EndGlobalSection
	GlobalSection(ExtensibilityGlobals) = postSolution
		SolutionGuid = {560B9760-C3D5-47F8-8135-5E3A2CD6E666}
	EndGlobalSection
EndGlobal
