
Microsoft Visual Studio Solution File, Format Version 12.00
# Visual Studio Version 16
VisualStudioVersion = 16.0.30204.135
MinimumVisualStudioVersion = 10.0.40219.1
Project("{FAE04EC0-301F-11D3-BF4B-00C04F79EFBC}") = "ReportMicroservice", "ReportMicroservice.csproj", "{4E5C5FCC-82EB-4D4B-95C4-69A68C8E8368}"
EndProject
Project("{FAE04EC0-301F-11D3-BF4B-00C04F79EFBC}") = "ReportDataLayer", "..\ReportDataLayer\ReportDataLayer.csproj", "{A8DA9EA2-D4A5-44F5-8139-6CB98FD8159C}"
EndProject
Project("{FAE04EC0-301F-11D3-BF4B-00C04F79EFBC}") = "ReportBuisnessLayer", "..\ReportBuisnessLayer\ReportBuisnessLayer.csproj", "{522F72EE-924A-47A7-9DEB-0399CCFB122B}"
EndProject
Global
	GlobalSection(SolutionConfigurationPlatforms) = preSolution
		Debug|Any CPU = Debug|Any CPU
		Development|Any CPU = Development|Any CPU
		Production|Any CPU = Production|Any CPU
		Release|Any CPU = Release|Any CPU
	EndGlobalSection
	GlobalSection(ProjectConfigurationPlatforms) = postSolution
		{4E5C5FCC-82EB-4D4B-95C4-69A68C8E8368}.Debug|Any CPU.ActiveCfg = Development|Any CPU
		{4E5C5FCC-82EB-4D4B-95C4-69A68C8E8368}.Debug|Any CPU.Build.0 = Development|Any CPU
		{4E5C5FCC-82EB-4D4B-95C4-69A68C8E8368}.Development|Any CPU.ActiveCfg = Development|Any CPU
		{4E5C5FCC-82EB-4D4B-95C4-69A68C8E8368}.Development|Any CPU.Build.0 = Development|Any CPU
		{4E5C5FCC-82EB-4D4B-95C4-69A68C8E8368}.Production|Any CPU.ActiveCfg = Production|Any CPU
		{4E5C5FCC-82EB-4D4B-95C4-69A68C8E8368}.Production|Any CPU.Build.0 = Production|Any CPU
		{4E5C5FCC-82EB-4D4B-95C4-69A68C8E8368}.Release|Any CPU.ActiveCfg = Development|Any CPU
		{4E5C5FCC-82EB-4D4B-95C4-69A68C8E8368}.Release|Any CPU.Build.0 = Development|Any CPU
		{A8DA9EA2-D4A5-44F5-8139-6CB98FD8159C}.Debug|Any CPU.ActiveCfg = Debug|Any CPU
		{A8DA9EA2-D4A5-44F5-8139-6CB98FD8159C}.Debug|Any CPU.Build.0 = Debug|Any CPU
		{A8DA9EA2-D4A5-44F5-8139-6CB98FD8159C}.Development|Any CPU.ActiveCfg = Debug|Any CPU
		{A8DA9EA2-D4A5-44F5-8139-6CB98FD8159C}.Development|Any CPU.Build.0 = Debug|Any CPU
		{A8DA9EA2-D4A5-44F5-8139-6CB98FD8159C}.Production|Any CPU.ActiveCfg = Debug|Any CPU
		{A8DA9EA2-D4A5-44F5-8139-6CB98FD8159C}.Production|Any CPU.Build.0 = Debug|Any CPU
		{A8DA9EA2-D4A5-44F5-8139-6CB98FD8159C}.Release|Any CPU.ActiveCfg = Release|Any CPU
		{A8DA9EA2-D4A5-44F5-8139-6CB98FD8159C}.Release|Any CPU.Build.0 = Release|Any CPU
		{522F72EE-924A-47A7-9DEB-0399CCFB122B}.Debug|Any CPU.ActiveCfg = Debug|Any CPU
		{522F72EE-924A-47A7-9DEB-0399CCFB122B}.Debug|Any CPU.Build.0 = Debug|Any CPU
		{522F72EE-924A-47A7-9DEB-0399CCFB122B}.Development|Any CPU.ActiveCfg = Debug|Any CPU
		{522F72EE-924A-47A7-9DEB-0399CCFB122B}.Development|Any CPU.Build.0 = Debug|Any CPU
		{522F72EE-924A-47A7-9DEB-0399CCFB122B}.Production|Any CPU.ActiveCfg = Debug|Any CPU
		{522F72EE-924A-47A7-9DEB-0399CCFB122B}.Production|Any CPU.Build.0 = Debug|Any CPU
		{522F72EE-924A-47A7-9DEB-0399CCFB122B}.Release|Any CPU.ActiveCfg = Release|Any CPU
		{522F72EE-924A-47A7-9DEB-0399CCFB122B}.Release|Any CPU.Build.0 = Release|Any CPU
	EndGlobalSection
	GlobalSection(SolutionProperties) = preSolution
		HideSolutionNode = FALSE
	EndGlobalSection
	GlobalSection(ExtensibilityGlobals) = postSolution
		SolutionGuid = {5927AD00-A517-46F5-93D2-767EF28E1961}
	EndGlobalSection
EndGlobal
